// !$*UTF8*$!
{
	archiveVersion = 1;
	classes = {
	};
	objectVersion = 51;
	objects = {

/* Begin PBXBuildFile section */
		671B03D7232BC9949120F185 /* Pods_GurunaviApp.framework in Frameworks */ = {isa = PBXBuildFile; fileRef = 3090462D0D9CDE8377491BA0 /* Pods_GurunaviApp.framework */; };
		964266B525469174007A57FA /* AppDelegate.swift in Sources */ = {isa = PBXBuildFile; fileRef = 964266B425469174007A57FA /* AppDelegate.swift */; };
		964266B725469174007A57FA /* SceneDelegate.swift in Sources */ = {isa = PBXBuildFile; fileRef = 964266B625469174007A57FA /* SceneDelegate.swift */; };
		964266B925469174007A57FA /* ViewController.swift in Sources */ = {isa = PBXBuildFile; fileRef = 964266B825469174007A57FA /* ViewController.swift */; };
		964266BC25469174007A57FA /* Main.storyboard in Resources */ = {isa = PBXBuildFile; fileRef = 964266BA25469174007A57FA /* Main.storyboard */; };
		964266BE25469178007A57FA /* Assets.xcassets in Resources */ = {isa = PBXBuildFile; fileRef = 964266BD25469178007A57FA /* Assets.xcassets */; };
		964266C125469178007A57FA /* LaunchScreen.storyboard in Resources */ = {isa = PBXBuildFile; fileRef = 964266BF25469178007A57FA /* LaunchScreen.storyboard */; };
		964266CB25469326007A57FA /* DetailViewController.swift in Sources */ = {isa = PBXBuildFile; fileRef = 964266CA25469326007A57FA /* DetailViewController.swift */; };
		964266D625469B51007A57FA /* 1.json in Resources */ = {isa = PBXBuildFile; fileRef = 964266D525469B51007A57FA /* 1.json */; };
		964266D92546B8DD007A57FA /* AnalyticsModel.swift in Sources */ = {isa = PBXBuildFile; fileRef = 964266D82546B8DD007A57FA /* AnalyticsModel.swift */; };
		964266DF2546BBA1007A57FA /* ShopData.swift in Sources */ = {isa = PBXBuildFile; fileRef = 964266DE2546BBA1007A57FA /* ShopData.swift */; };
/* End PBXBuildFile section */

/* Begin PBXFileReference section */
		3090462D0D9CDE8377491BA0 /* Pods_GurunaviApp.framework */ = {isa = PBXFileReference; explicitFileType = wrapper.framework; includeInIndex = 0; path = Pods_GurunaviApp.framework; sourceTree = BUILT_PRODUCTS_DIR; };
		964266B125469174007A57FA /* GurunaviApp.app */ = {isa = PBXFileReference; explicitFileType = wrapper.application; includeInIndex = 0; path = GurunaviApp.app; sourceTree = BUILT_PRODUCTS_DIR; };
		964266B425469174007A57FA /* AppDelegate.swift */ = {isa = PBXFileReference; lastKnownFileType = sourcecode.swift; path = AppDelegate.swift; sourceTree = "<group>"; };
		964266B625469174007A57FA /* SceneDelegate.swift */ = {isa = PBXFileReference; lastKnownFileType = sourcecode.swift; path = SceneDelegate.swift; sourceTree = "<group>"; };
		964266B825469174007A57FA /* ViewController.swift */ = {isa = PBXFileReference; lastKnownFileType = sourcecode.swift; path = ViewController.swift; sourceTree = "<group>"; };
		964266BB25469174007A57FA /* Base */ = {isa = PBXFileReference; lastKnownFileType = file.storyboard; name = Base; path = Base.lproj/Main.storyboard; sourceTree = "<group>"; };
		964266BD25469178007A57FA /* Assets.xcassets */ = {isa = PBXFileReference; lastKnownFileType = folder.assetcatalog; path = Assets.xcassets; sourceTree = "<group>"; };
		964266C025469178007A57FA /* Base */ = {isa = PBXFileReference; lastKnownFileType = file.storyboard; name = Base; path = Base.lproj/LaunchScreen.storyboard; sourceTree = "<group>"; };
		964266C225469178007A57FA /* Info.plist */ = {isa = PBXFileReference; lastKnownFileType = text.plist.xml; path = Info.plist; sourceTree = "<group>"; };
		964266CA25469326007A57FA /* DetailViewController.swift */ = {isa = PBXFileReference; lastKnownFileType = sourcecode.swift; path = DetailViewController.swift; sourceTree = "<group>"; };
		964266D525469B51007A57FA /* 1.json */ = {isa = PBXFileReference; fileEncoding = 4; lastKnownFileType = text.json; path = 1.json; sourceTree = "<group>"; };
		964266D82546B8DD007A57FA /* AnalyticsModel.swift */ = {isa = PBXFileReference; lastKnownFileType = sourcecode.swift; path = AnalyticsModel.swift; sourceTree = "<group>"; };
		964266DE2546BBA1007A57FA /* ShopData.swift */ = {isa = PBXFileReference; lastKnownFileType = sourcecode.swift; path = ShopData.swift; sourceTree = "<group>"; };
		A547F1E1ECE283BFA8FE56B9 /* Pods-GurunaviApp.debug.xcconfig */ = {isa = PBXFileReference; includeInIndex = 1; lastKnownFileType = text.xcconfig; name = "Pods-GurunaviApp.debug.xcconfig"; path = "Target Support Files/Pods-GurunaviApp/Pods-GurunaviApp.debug.xcconfig"; sourceTree = "<group>"; };
		AC5EEA9193D8CF4A701BCBCF /* Pods-GurunaviApp.release.xcconfig */ = {isa = PBXFileReference; includeInIndex = 1; lastKnownFileType = text.xcconfig; name = "Pods-GurunaviApp.release.xcconfig"; path = "Target Support Files/Pods-GurunaviApp/Pods-GurunaviApp.release.xcconfig"; sourceTree = "<group>"; };
/* End PBXFileReference section */

/* Begin PBXFrameworksBuildPhase section */
		964266AE25469174007A57FA /* Frameworks */ = {
			isa = PBXFrameworksBuildPhase;
			buildActionMask = 2147483647;
			files = (
				671B03D7232BC9949120F185 /* Pods_GurunaviApp.framework in Frameworks */,
			);
			runOnlyForDeploymentPostprocessing = 0;
		};
/* End PBXFrameworksBuildPhase section */

/* Begin PBXGroup section */
		35EF28C568A9ABE2D13A99DB /* Pods */ = {
			isa = PBXGroup;
			children = (
				A547F1E1ECE283BFA8FE56B9 /* Pods-GurunaviApp.debug.xcconfig */,
				AC5EEA9193D8CF4A701BCBCF /* Pods-GurunaviApp.release.xcconfig */,
			);
			path = Pods;
			sourceTree = "<group>";
		};
		964266A825469174007A57FA = {
			isa = PBXGroup;
			children = (
				964266B325469174007A57FA /* GurunaviApp */,
				964266B225469174007A57FA /* Products */,
				35EF28C568A9ABE2D13A99DB /* Pods */,
				D3BB1C3935CD5B0335BD642E /* Frameworks */,
			);
			sourceTree = "<group>";
		};
		964266B225469174007A57FA /* Products */ = {
			isa = PBXGroup;
			children = (
				964266B125469174007A57FA /* GurunaviApp.app */,
			);
			name = Products;
			sourceTree = "<group>";
		};
		964266B325469174007A57FA /* GurunaviApp */ = {
			isa = PBXGroup;
			children = (
				964266B425469174007A57FA /* AppDelegate.swift */,
				964266B625469174007A57FA /* SceneDelegate.swift */,
				964266DB2546B8EE007A57FA /* Model */,
				964266CD2546933C007A57FA /* Controller */,
				964266BA25469174007A57FA /* Main.storyboard */,
				964266BD25469178007A57FA /* Assets.xcassets */,
				964266BF25469178007A57FA /* LaunchScreen.storyboard */,
				964266C225469178007A57FA /* Info.plist */,
				964266D525469B51007A57FA /* 1.json */,
			);
			path = GurunaviApp;
			sourceTree = "<group>";
		};
		964266CD2546933C007A57FA /* Controller */ = {
			isa = PBXGroup;
			children = (
				964266B825469174007A57FA /* ViewController.swift */,
				964266CA25469326007A57FA /* DetailViewController.swift */,
			);
			path = Controller;
			sourceTree = "<group>";
		};
		964266DB2546B8EE007A57FA /* Model */ = {
			isa = PBXGroup;
			children = (
				964266D82546B8DD007A57FA /* AnalyticsModel.swift */,
				964266DE2546BBA1007A57FA /* ShopData.swift */,
			);
			path = Model;
			sourceTree = "<group>";
		};
		D3BB1C3935CD5B0335BD642E /* Frameworks */ = {
			isa = PBXGroup;
			children = (
				3090462D0D9CDE8377491BA0 /* Pods_GurunaviApp.framework */,
			);
			name = Frameworks;
			sourceTree = "<group>";
		};
/* End PBXGroup section */

/* Begin PBXNativeTarget section */
		964266B025469174007A57FA /* GurunaviApp */ = {
			isa = PBXNativeTarget;
			buildConfigurationList = 964266C525469178007A57FA /* Build configuration list for PBXNativeTarget "GurunaviApp" */;
			buildPhases = (
				A992024FC7C077ED433A0271 /* [CP] Check Pods Manifest.lock */,
				964266AD25469174007A57FA /* Sources */,
				964266AE25469174007A57FA /* Frameworks */,
				964266AF25469174007A57FA /* Resources */,
				C323C578F70C4581750720AA /* [CP] Embed Pods Frameworks */,
			);
			buildRules = (
			);
			dependencies = (
			);
			name = GurunaviApp;
			productName = GurunaviApp;
			productReference = 964266B125469174007A57FA /* GurunaviApp.app */;
			productType = "com.apple.product-type.application";
		};
/* End PBXNativeTarget section */

/* Begin PBXProject section */
		964266A925469174007A57FA /* Project object */ = {
			isa = PBXProject;
			attributes = {
				LastSwiftUpdateCheck = 1200;
				LastUpgradeCheck = 1200;
				TargetAttributes = {
					964266B025469174007A57FA = {
						CreatedOnToolsVersion = 12.0.1;
					};
				};
			};
			buildConfigurationList = 964266AC25469174007A57FA /* Build configuration list for PBXProject "GurunaviApp" */;
			compatibilityVersion = "Xcode 9.3";
			developmentRegion = en;
			hasScannedForEncodings = 0;
			knownRegions = (
				en,
				Base,
			);
			mainGroup = 964266A825469174007A57FA;
			productRefGroup = 964266B225469174007A57FA /* Products */;
			projectDirPath = "";
			projectRoot = "";
			targets = (
				964266B025469174007A57FA /* GurunaviApp */,
			);
		};
/* End PBXProject section */

/* Begin PBXResourcesBuildPhase section */
		964266AF25469174007A57FA /* Resources */ = {
			isa = PBXResourcesBuildPhase;
			buildActionMask = 2147483647;
			files = (
				964266C125469178007A57FA /* LaunchScreen.storyboard in Resources */,
				964266BE25469178007A57FA /* Assets.xcassets in Resources */,
				964266BC25469174007A57FA /* Main.storyboard in Resources */,
				964266D625469B51007A57FA /* 1.json in Resources */,
			);
			runOnlyForDeploymentPostprocessing = 0;
		};
/* End PBXResourcesBuildPhase section */

/* Begin PBXShellScriptBuildPhase section */
		A992024FC7C077ED433A0271 /* [CP] Check Pods Manifest.lock */ = {
			isa = PBXShellScriptBuildPhase;
			buildActionMask = 2147483647;
			files = (
			);
			inputFileListPaths = (
			);
			inputPaths = (
				"${PODS_PODFILE_DIR_PATH}/Podfile.lock",
				"${PODS_ROOT}/Manifest.lock",
			);
			name = "[CP] Check Pods Manifest.lock";
			outputFileListPaths = (
			);
			outputPaths = (
				"$(DERIVED_FILE_DIR)/Pods-GurunaviApp-checkManifestLockResult.txt",
			);
			runOnlyForDeploymentPostprocessing = 0;
			shellPath = /bin/sh;
			shellScript = "diff \"${PODS_PODFILE_DIR_PATH}/Podfile.lock\" \"${PODS_ROOT}/Manifest.lock\" > /dev/null\nif [ $? != 0 ] ; then\n    # print error to STDERR\n    echo \"error: The sandbox is not in sync with the Podfile.lock. Run 'pod install' or update your CocoaPods installation.\" >&2\n    exit 1\nfi\n# This output is used by Xcode 'outputs' to avoid re-running this script phase.\necho \"SUCCESS\" > \"${SCRIPT_OUTPUT_FILE_0}\"\n";
			showEnvVarsInLog = 0;
		};
		C323C578F70C4581750720AA /* [CP] Embed Pods Frameworks */ = {
			isa = PBXShellScriptBuildPhase;
			buildActionMask = 2147483647;
			files = (
			);
			inputFileListPaths = (
				"${PODS_ROOT}/Target Support Files/Pods-GurunaviApp/Pods-GurunaviApp-frameworks-${CONFIGURATION}-input-files.xcfilelist",
			);
			name = "[CP] Embed Pods Frameworks";
			outputFileListPaths = (
				"${PODS_ROOT}/Target Support Files/Pods-GurunaviApp/Pods-GurunaviApp-frameworks-${CONFIGURATION}-output-files.xcfilelist",
			);
			runOnlyForDeploymentPostprocessing = 0;
			shellPath = /bin/sh;
			shellScript = "\"${PODS_ROOT}/Target Support Files/Pods-GurunaviApp/Pods-GurunaviApp-frameworks.sh\"\n";
			showEnvVarsInLog = 0;
		};
/* End PBXShellScriptBuildPhase section */

/* Begin PBXSourcesBuildPhase section */
		964266AD25469174007A57FA /* Sources */ = {
			isa = PBXSourcesBuildPhase;
			buildActionMask = 2147483647;
			files = (
				964266B925469174007A57FA /* ViewController.swift in Sources */,
				964266D92546B8DD007A57FA /* AnalyticsModel.swift in Sources */,
				964266B525469174007A57FA /* AppDelegate.swift in Sources */,
				964266DF2546BBA1007A57FA /* ShopData.swift in Sources */,
				964266B725469174007A57FA /* SceneDelegate.swift in Sources */,
				964266CB25469326007A57FA /* DetailViewController.swift in Sources */,
			);
			runOnlyForDeploymentPostprocessing = 0;
		};
/* End PBXSourcesBuildPhase section */

/* Begin PBXVariantGroup section */
		964266BA25469174007A57FA /* Main.storyboard */ = {
			isa = PBXVariantGroup;
			children = (
				964266BB25469174007A57FA /* Base */,
			);
			name = Main.storyboard;
			sourceTree = "<group>";
		};
		964266BF25469178007A57FA /* LaunchScreen.storyboard */ = {
			isa = PBXVariantGroup;
			children = (
				964266C025469178007A57FA /* Base */,
			);
			name = LaunchScreen.storyboard;
			sourceTree = "<group>";
		};
/* End PBXVariantGroup section */

/* Begin XCBuildConfiguration section */
		964266C325469178007A57FA /* Debug */ = {
			isa = XCBuildConfiguration;
			buildSettings = {
				ALWAYS_SEARCH_USER_PATHS = NO;
				CLANG_ANALYZER_NONNULL = YES;
				CLANG_ANALYZER_NUMBER_OBJECT_CONVERSION = YES_AGGRESSIVE;
				CLANG_CXX_LANGUAGE_STANDARD = "gnu++14";
				CLANG_CXX_LIBRARY = "libc++";
				CLANG_ENABLE_MODULES = YES;
				CLANG_ENABLE_OBJC_ARC = YES;
				CLANG_ENABLE_OBJC_WEAK = YES;
				CLANG_WARN_BLOCK_CAPTURE_AUTORELEASING = YES;
				CLANG_WARN_BOOL_CONVERSION = YES;
				CLANG_WARN_COMMA = YES;
				CLANG_WARN_CONSTANT_CONVERSION = YES;
				CLANG_WARN_DEPRECATED_OBJC_IMPLEMENTATIONS = YES;
				CLANG_WARN_DIRECT_OBJC_ISA_USAGE = YES_ERROR;
				CLANG_WARN_DOCUMENTATION_COMMENTS = YES;
				CLANG_WARN_EMPTY_BODY = YES;
				CLANG_WARN_ENUM_CONVERSION = YES;
				CLANG_WARN_INFINITE_RECURSION = YES;
				CLANG_WARN_INT_CONVERSION = YES;
				CLANG_WARN_NON_LITERAL_NULL_CONVERSION = YES;
				CLANG_WARN_OBJC_IMPLICIT_RETAIN_SELF = YES;
				CLANG_WARN_OBJC_LITERAL_CONVERSION = YES;
				CLANG_WARN_OBJC_ROOT_CLASS = YES_ERROR;
				CLANG_WARN_QUOTED_INCLUDE_IN_FRAMEWORK_HEADER = YES;
				CLANG_WARN_RANGE_LOOP_ANALYSIS = YES;
				CLANG_WARN_STRICT_PROTOTYPES = YES;
				CLANG_WARN_SUSPICIOUS_MOVE = YES;
				CLANG_WARN_UNGUARDED_AVAILABILITY = YES_AGGRESSIVE;
				CLANG_WARN_UNREACHABLE_CODE = YES;
				CLANG_WARN__DUPLICATE_METHOD_MATCH = YES;
				COPY_PHASE_STRIP = NO;
				DEBUG_INFORMATION_FORMAT = dwarf;
				ENABLE_STRICT_OBJC_MSGSEND = YES;
				ENABLE_TESTABILITY = YES;
				GCC_C_LANGUAGE_STANDARD = gnu11;
				GCC_DYNAMIC_NO_PIC = NO;
				GCC_NO_COMMON_BLOCKS = YES;
				GCC_OPTIMIZATION_LEVEL = 0;
				GCC_PREPROCESSOR_DEFINITIONS = (
					"DEBUG=1",
					"$(inherited)",
				);
				GCC_WARN_64_TO_32_BIT_CONVERSION = YES;
				GCC_WARN_ABOUT_RETURN_TYPE = YES_ERROR;
				GCC_WARN_UNDECLARED_SELECTOR = YES;
				GCC_WARN_UNINITIALIZED_AUTOS = YES_AGGRESSIVE;
				GCC_WARN_UNUSED_FUNCTION = YES;
				GCC_WARN_UNUSED_VARIABLE = YES;
				IPHONEOS_DEPLOYMENT_TARGET = 14.0;
				MTL_ENABLE_DEBUG_INFO = INCLUDE_SOURCE;
				MTL_FAST_MATH = YES;
				ONLY_ACTIVE_ARCH = YES;
				SDKROOT = iphoneos;
				SWIFT_ACTIVE_COMPILATION_CONDITIONS = DEBUG;
				SWIFT_OPTIMIZATION_LEVEL = "-Onone";
			};
			name = Debug;
		};
		964266C425469178007A57FA /* Release */ = {
			isa = XCBuildConfiguration;
			buildSettings = {
				ALWAYS_SEARCH_USER_PATHS = NO;
				CLANG_ANALYZER_NONNULL = YES;
				CLANG_ANALYZER_NUMBER_OBJECT_CONVERSION = YES_AGGRESSIVE;
				CLANG_CXX_LANGUAGE_STANDARD = "gnu++14";
				CLANG_CXX_LIBRARY = "libc++";
				CLANG_ENABLE_MODULES = YES;
				CLANG_ENABLE_OBJC_ARC = YES;
				CLANG_ENABLE_OBJC_WEAK = YES;
				CLANG_WARN_BLOCK_CAPTURE_AUTORELEASING = YES;
				CLANG_WARN_BOOL_CONVERSION = YES;
				CLANG_WARN_COMMA = YES;
				CLANG_WARN_CONSTANT_CONVERSION = YES;
				CLANG_WARN_DEPRECATED_OBJC_IMPLEMENTATIONS = YES;
				CLANG_WARN_DIRECT_OBJC_ISA_USAGE = YES_ERROR;
				CLANG_WARN_DOCUMENTATION_COMMENTS = YES;
				CLANG_WARN_EMPTY_BODY = YES;
				CLANG_WARN_ENUM_CONVERSION = YES;
				CLANG_WARN_INFINITE_RECURSION = YES;
				CLANG_WARN_INT_CONVERSION = YES;
				CLANG_WARN_NON_LITERAL_NULL_CONVERSION = YES;
				CLANG_WARN_OBJC_IMPLICIT_RETAIN_SELF = YES;
				CLANG_WARN_OBJC_LITERAL_CONVERSION = YES;
				CLANG_WARN_OBJC_ROOT_CLASS = YES_ERROR;
				CLANG_WARN_QUOTED_INCLUDE_IN_FRAMEWORK_HEADER = YES;
				CLANG_WARN_RANGE_LOOP_ANALYSIS = YES;
				CLANG_WARN_STRICT_PROTOTYPES = YES;
				CLANG_WARN_SUSPICIOUS_MOVE = YES;
				CLANG_WARN_UNGUARDED_AVAILABILITY = YES_AGGRESSIVE;
				CLANG_WARN_UNREACHABLE_CODE = YES;
				CLANG_WARN__DUPLICATE_METHOD_MATCH = YES;
				COPY_PHASE_STRIP = NO;
				DEBUG_INFORMATION_FORMAT = "dwarf-with-dsym";
				ENABLE_NS_ASSERTIONS = NO;
				ENABLE_STRICT_OBJC_MSGSEND = YES;
				GCC_C_LANGUAGE_STANDARD = gnu11;
				GCC_NO_COMMON_BLOCKS = YES;
				GCC_WARN_64_TO_32_BIT_CONVERSION = YES;
				GCC_WARN_ABOUT_RETURN_TYPE = YES_ERROR;
				GCC_WARN_UNDECLARED_SELECTOR = YES;
				GCC_WARN_UNINITIALIZED_AUTOS = YES_AGGRESSIVE;
				GCC_WARN_UNUSED_FUNCTION = YES;
				GCC_WARN_UNUSED_VARIABLE = YES;
				IPHONEOS_DEPLOYMENT_TARGET = 14.0;
				MTL_ENABLE_DEBUG_INFO = NO;
				MTL_FAST_MATH = YES;
				SDKROOT = iphoneos;
				SWIFT_COMPILATION_MODE = wholemodule;
				SWIFT_OPTIMIZATION_LEVEL = "-O";
				VALIDATE_PRODUCT = YES;
			};
			name = Release;
		};
		964266C625469178007A57FA /* Debug */ = {
			isa = XCBuildConfiguration;
			baseConfigurationReference = A547F1E1ECE283BFA8FE56B9 /* Pods-GurunaviApp.debug.xcconfig */;
			buildSettings = {
				ASSETCATALOG_COMPILER_APPICON_NAME = AppIcon;
				ASSETCATALOG_COMPILER_GLOBAL_ACCENT_COLOR_NAME = AccentColor;
				CODE_SIGN_STYLE = Automatic;
				DEVELOPMENT_TEAM = LPJP7Q6LM9;
				INFOPLIST_FILE = GurunaviApp/Info.plist;
				LD_RUNPATH_SEARCH_PATHS = (
					"$(inherited)",
					"@executable_path/Frameworks",
				);
				PRODUCT_BUNDLE_IDENTIFIER = com.yoshihiro.GurunaviApp;
				PRODUCT_NAME = "$(TARGET_NAME)";
				SWIFT_VERSION = 5.0;
				TARGETED_DEVICE_FAMILY = 1;
			};
			name = Debug;
		};
		964266C725469178007A57FA /* Release */ = {
			isa = XCBuildConfiguration;
			baseConfigurationReference = AC5EEA9193D8CF4A701BCBCF /* Pods-GurunaviApp.release.xcconfig */;
			buildSettings = {
				ASSETCATALOG_COMPILER_APPICON_NAME = AppIcon;
				ASSETCATALOG_COMPILER_GLOBAL_ACCENT_COLOR_NAME = AccentColor;
				CODE_SIGN_STYLE = Automatic;
				DEVELOPMENT_TEAM = LPJP7Q6LM9;
				INFOPLIST_FILE = GurunaviApp/Info.plist;
				LD_RUNPATH_SEARCH_PATHS = (
					"$(inherited)",
					"@executable_path/Frameworks",
				);
				PRODUCT_BUNDLE_IDENTIFIER = com.yoshihiro.GurunaviApp;
				PRODUCT_NAME = "$(TARGET_NAME)";
				SWIFT_VERSION = 5.0;
				TARGETED_DEVICE_FAMILY = 1;
			};
			name = Release;
		};
/* End XCBuildConfiguration section */

/* Begin XCConfigurationList section */
		964266AC25469174007A57FA /* Build configuration list for PBXProject "GurunaviApp" */ = {
			isa = XCConfigurationList;
			buildConfigurations = (
				964266C325469178007A57FA /* Debug */,
				964266C425469178007A57FA /* Release */,
			);
			defaultConfigurationIsVisible = 0;
			defaultConfigurationName = Release;
		};
		964266C525469178007A57FA /* Build configuration list for PBXNativeTarget "GurunaviApp" */ = {
			isa = XCConfigurationList;
			buildConfigurations = (
				964266C625469178007A57FA /* Debug */,
				964266C725469178007A57FA /* Release */,
			);
			defaultConfigurationIsVisible = 0;
			defaultConfigurationName = Release;
		};
/* End XCConfigurationList section */
	};
	rootObject = 964266A925469174007A57FA /* Project object */;
}
